
Microsoft Visual Studio Solution File, Format Version 12.00
# Visual Studio Version 17
VisualStudioVersion = 17.11.35327.3
MinimumVisualStudioVersion = 10.0.40219.1
Project("{FAE04EC0-301F-11D3-BF4B-00C04F79EFBC}") = "HolaMundo", "HolaMundo.csproj", "{89D13814-08A0-4AE0-A8F0-A65764CCE484}"
EndProject
Global
	GlobalSection(SolutionConfigurationPlatforms) = preSolution
		Debug|Any CPU = Debug|Any CPU
		Release|Any CPU = Release|Any CPU
	EndGlobalSection
	GlobalSection(ProjectConfigurationPlatforms) = postSolution
		{89D13814-08A0-4AE0-A8F0-A65764CCE484}.Debug|Any CPU.ActiveCfg = Debug|Any CPU
		{89D13814-08A0-4AE0-A8F0-A65764CCE484}.Debug|Any CPU.Build.0 = Debug|Any CPU
		{89D13814-08A0-4AE0-A8F0-A65764CCE484}.Release|Any CPU.ActiveCfg = Release|Any CPU
		{89D13814-08A0-4AE0-A8F0-A65764CCE484}.Release|Any CPU.Build.0 = Release|Any CPU
	EndGlobalSection
	GlobalSection(SolutionProperties) = preSolution
		HideSolutionNode = FALSE
	EndGlobalSection
	GlobalSection(ExtensibilityGlobals) = postSolution
		SolutionGuid = {A8BBDAE2-E6E8-4144-9F16-E17C5A483078}
	EndGlobalSection
EndGlobal
